
Microsoft Visual Studio Solution File, Format Version 12.00
# Visual Studio Version 17
VisualStudioVersion = 17.0.31903.59
MinimumVisualStudioVersion = 10.0.40219.1
Project("{2150E333-8FDC-42A3-9474-1A3956D46DE8}") = "src", "src", "{827E0CD3-B72D-47B6-A68D-7590B98EB39B}"
EndProject
Project("{FAE04EC0-301F-11D3-BF4B-00C04F79EFBC}") = "CentralController", "src\CentralController\CentralController.csproj", "{03C7810C-8E29-4B2C-9F1E-46837E3ED24A}"
EndProject
Project("{FAE04EC0-301F-11D3-BF4B-00C04F79EFBC}") = "IoTDevice", "src\IoTDevice\IoTDevice.csproj", "{80FEA00E-CBB4-499F-A1F9-1CBCBBAF6CE2}"
EndProject
Project("{FAE04EC0-301F-11D3-BF4B-00C04F79EFBC}") = "AuditWorker", "src\AuditWorker\AuditWorker.csproj", "{546240EE-66CC-4E4B-AD27-125D47ACECAB}"
EndProject
Global
	GlobalSection(SolutionConfigurationPlatforms) = preSolution
		Debug|Any CPU = Debug|Any CPU
		Debug|x64 = Debug|x64
		Debug|x86 = Debug|x86
		Release|Any CPU = Release|Any CPU
		Release|x64 = Release|x64
		Release|x86 = Release|x86
	EndGlobalSection
	GlobalSection(ProjectConfigurationPlatforms) = postSolution
		{03C7810C-8E29-4B2C-9F1E-46837E3ED24A}.Debug|Any CPU.ActiveCfg = Debug|Any CPU
		{03C7810C-8E29-4B2C-9F1E-46837E3ED24A}.Debug|Any CPU.Build.0 = Debug|Any CPU
		{03C7810C-8E29-4B2C-9F1E-46837E3ED24A}.Debug|x64.ActiveCfg = Debug|Any CPU
		{03C7810C-8E29-4B2C-9F1E-46837E3ED24A}.Debug|x64.Build.0 = Debug|Any CPU
		{03C7810C-8E29-4B2C-9F1E-46837E3ED24A}.Debug|x86.ActiveCfg = Debug|Any CPU
		{03C7810C-8E29-4B2C-9F1E-46837E3ED24A}.Debug|x86.Build.0 = Debug|Any CPU
		{03C7810C-8E29-4B2C-9F1E-46837E3ED24A}.Release|Any CPU.ActiveCfg = Release|Any CPU
		{03C7810C-8E29-4B2C-9F1E-46837E3ED24A}.Release|Any CPU.Build.0 = Release|Any CPU
		{03C7810C-8E29-4B2C-9F1E-46837E3ED24A}.Release|x64.ActiveCfg = Release|Any CPU
		{03C7810C-8E29-4B2C-9F1E-46837E3ED24A}.Release|x64.Build.0 = Release|Any CPU
		{03C7810C-8E29-4B2C-9F1E-46837E3ED24A}.Release|x86.ActiveCfg = Release|Any CPU
		{03C7810C-8E29-4B2C-9F1E-46837E3ED24A}.Release|x86.Build.0 = Release|Any CPU
		{80FEA00E-CBB4-499F-A1F9-1CBCBBAF6CE2}.Debug|Any CPU.ActiveCfg = Debug|Any CPU
		{80FEA00E-CBB4-499F-A1F9-1CBCBBAF6CE2}.Debug|Any CPU.Build.0 = Debug|Any CPU
		{80FEA00E-CBB4-499F-A1F9-1CBCBBAF6CE2}.Debug|x64.ActiveCfg = Debug|Any CPU
		{80FEA00E-CBB4-499F-A1F9-1CBCBBAF6CE2}.Debug|x64.Build.0 = Debug|Any CPU
		{80FEA00E-CBB4-499F-A1F9-1CBCBBAF6CE2}.Debug|x86.ActiveCfg = Debug|Any CPU
		{80FEA00E-CBB4-499F-A1F9-1CBCBBAF6CE2}.Debug|x86.Build.0 = Debug|Any CPU
		{80FEA00E-CBB4-499F-A1F9-1CBCBBAF6CE2}.Release|Any CPU.ActiveCfg = Release|Any CPU
		{80FEA00E-CBB4-499F-A1F9-1CBCBBAF6CE2}.Release|Any CPU.Build.0 = Release|Any CPU
		{80FEA00E-CBB4-499F-A1F9-1CBCBBAF6CE2}.Release|x64.ActiveCfg = Release|Any CPU
		{80FEA00E-CBB4-499F-A1F9-1CBCBBAF6CE2}.Release|x64.Build.0 = Release|Any CPU
		{80FEA00E-CBB4-499F-A1F9-1CBCBBAF6CE2}.Release|x86.ActiveCfg = Release|Any CPU
		{80FEA00E-CBB4-499F-A1F9-1CBCBBAF6CE2}.Release|x86.Build.0 = Release|Any CPU
		{546240EE-66CC-4E4B-AD27-125D47ACECAB}.Debug|Any CPU.ActiveCfg = Debug|Any CPU
		{546240EE-66CC-4E4B-AD27-125D47ACECAB}.Debug|Any CPU.Build.0 = Debug|Any CPU
		{546240EE-66CC-4E4B-AD27-125D47ACECAB}.Debug|x64.ActiveCfg = Debug|Any CPU
		{546240EE-66CC-4E4B-AD27-125D47ACECAB}.Debug|x64.Build.0 = Debug|Any CPU
		{546240EE-66CC-4E4B-AD27-125D47ACECAB}.Debug|x86.ActiveCfg = Debug|Any CPU
		{546240EE-66CC-4E4B-AD27-125D47ACECAB}.Debug|x86.Build.0 = Debug|Any CPU
		{546240EE-66CC-4E4B-AD27-125D47ACECAB}.Release|Any CPU.ActiveCfg = Release|Any CPU
		{546240EE-66CC-4E4B-AD27-125D47ACECAB}.Release|Any CPU.Build.0 = Release|Any CPU
		{546240EE-66CC-4E4B-AD27-125D47ACECAB}.Release|x64.ActiveCfg = Release|Any CPU
		{546240EE-66CC-4E4B-AD27-125D47ACECAB}.Release|x64.Build.0 = Release|Any CPU
		{546240EE-66CC-4E4B-AD27-125D47ACECAB}.Release|x86.ActiveCfg = Release|Any CPU
		{546240EE-66CC-4E4B-AD27-125D47ACECAB}.Release|x86.Build.0 = Release|Any CPU
	EndGlobalSection
	GlobalSection(SolutionProperties) = preSolution
		HideSolutionNode = FALSE
	EndGlobalSection
	GlobalSection(NestedProjects) = preSolution
		{03C7810C-8E29-4B2C-9F1E-46837E3ED24A} = {827E0CD3-B72D-47B6-A68D-7590B98EB39B}
		{80FEA00E-CBB4-499F-A1F9-1CBCBBAF6CE2} = {827E0CD3-B72D-47B6-A68D-7590B98EB39B}
		{546240EE-66CC-4E4B-AD27-125D47ACECAB} = {827E0CD3-B72D-47B6-A68D-7590B98EB39B}
	EndGlobalSection
EndGlobal
